// !$*UTF8*$!
{
	archiveVersion = 1;
	classes = {
	};
	objectVersion = 50;
	objects = {

/* Begin PBXBuildFile section */
		2B0BA9A322A69313007A109B /* AppDelegate.swift in Sources */ = {isa = PBXBuildFile; fileRef = 2B0BA9A222A69313007A109B /* AppDelegate.swift */; };
		2B0BA9AA22A69316007A109B /* Assets.xcassets in Resources */ = {isa = PBXBuildFile; fileRef = 2B0BA9A922A69316007A109B /* Assets.xcassets */; };
		2B0BA9BB22A6943E007A109B /* AuthPresenter.swift in Sources */ = {isa = PBXBuildFile; fileRef = 2B0BA9B422A6943E007A109B /* AuthPresenter.swift */; };
		2B0BA9BD22A6943E007A109B /* AuthRouter.swift in Sources */ = {isa = PBXBuildFile; fileRef = 2B0BA9B622A6943E007A109B /* AuthRouter.swift */; };
		2B0BA9BE22A6943E007A109B /* AuthModels.swift in Sources */ = {isa = PBXBuildFile; fileRef = 2B0BA9B722A6943E007A109B /* AuthModels.swift */; };
		2B0BA9BF22A6943E007A109B /* AuthViewController.swift in Sources */ = {isa = PBXBuildFile; fileRef = 2B0BA9B822A6943E007A109B /* AuthViewController.swift */; };
		2B0BA9C022A6943E007A109B /* AuthInteractor.swift in Sources */ = {isa = PBXBuildFile; fileRef = 2B0BA9B922A6943E007A109B /* AuthInteractor.swift */; };
		2B0BA9C422A696DC007A109B /* Launch Screen.storyboard in Resources */ = {isa = PBXBuildFile; fileRef = 2B0BA9C322A696DB007A109B /* Launch Screen.storyboard */; };
		2B0BA9C622A69862007A109B /* Auth.storyboard in Resources */ = {isa = PBXBuildFile; fileRef = 2B0BA9C522A69862007A109B /* Auth.storyboard */; };
		2B0BA9C822A69DCD007A109B /* API.swift in Sources */ = {isa = PBXBuildFile; fileRef = 2B0BA9C722A69DCD007A109B /* API.swift */; };
		2B0BA9CD22A69FA0007A109B /* AuthService.swift in Sources */ = {isa = PBXBuildFile; fileRef = 2B0BA9CC22A69FA0007A109B /* AuthService.swift */; };
		2B0BA9CF22A69FF5007A109B /* NetworkService.swift in Sources */ = {isa = PBXBuildFile; fileRef = 2B0BA9CE22A69FF5007A109B /* NetworkService.swift */; };
		2B0BA9D122A6A087007A109B /* Connectivity.swift in Sources */ = {isa = PBXBuildFile; fileRef = 2B0BA9D022A6A087007A109B /* Connectivity.swift */; };
		2B0BA9D422A6A154007A109B /* NetworkDataFetcher.swift in Sources */ = {isa = PBXBuildFile; fileRef = 2B0BA9D322A6A154007A109B /* NetworkDataFetcher.swift */; };
		2B0BA9D622A6AC9C007A109B /* ServerResponse.swift in Sources */ = {isa = PBXBuildFile; fileRef = 2B0BA9D522A6AC9C007A109B /* ServerResponse.swift */; };
		2B0BA9E122A6B89B007A109B /* RecordsListPresenter.swift in Sources */ = {isa = PBXBuildFile; fileRef = 2B0BA9DA22A6B89B007A109B /* RecordsListPresenter.swift */; };
		2B0BA9E322A6B89B007A109B /* RecordsListRouter.swift in Sources */ = {isa = PBXBuildFile; fileRef = 2B0BA9DC22A6B89B007A109B /* RecordsListRouter.swift */; };
		2B0BA9E422A6B89B007A109B /* RecordsListModels.swift in Sources */ = {isa = PBXBuildFile; fileRef = 2B0BA9DD22A6B89B007A109B /* RecordsListModels.swift */; };
		2B0BA9E522A6B89B007A109B /* RecordsListViewController.swift in Sources */ = {isa = PBXBuildFile; fileRef = 2B0BA9DE22A6B89B007A109B /* RecordsListViewController.swift */; };
		2B0BA9E622A6B89B007A109B /* RecordsListInteractor.swift in Sources */ = {isa = PBXBuildFile; fileRef = 2B0BA9DF22A6B89B007A109B /* RecordsListInteractor.swift */; };
		2B0BA9E922A6BA6E007A109B /* Records.storyboard in Resources */ = {isa = PBXBuildFile; fileRef = 2B0BA9E822A6BA6E007A109B /* Records.storyboard */; };
		2B27559122A83FE700E74209 /* CreateRecordPresenter.swift in Sources */ = {isa = PBXBuildFile; fileRef = 2B27558A22A83FE700E74209 /* CreateRecordPresenter.swift */; };
		2B27559222A83FE700E74209 /* CreateRecordWorker.swift in Sources */ = {isa = PBXBuildFile; fileRef = 2B27558B22A83FE700E74209 /* CreateRecordWorker.swift */; };
		2B27559322A83FE700E74209 /* CreateRecordRouter.swift in Sources */ = {isa = PBXBuildFile; fileRef = 2B27558C22A83FE700E74209 /* CreateRecordRouter.swift */; };
		2B27559422A83FE700E74209 /* CreateRecordModels.swift in Sources */ = {isa = PBXBuildFile; fileRef = 2B27558D22A83FE700E74209 /* CreateRecordModels.swift */; };
		2B27559522A83FE700E74209 /* CreateRecordViewController.swift in Sources */ = {isa = PBXBuildFile; fileRef = 2B27558E22A83FE700E74209 /* CreateRecordViewController.swift */; };
		2B27559622A83FE700E74209 /* CreateRecordInteractor.swift in Sources */ = {isa = PBXBuildFile; fileRef = 2B27558F22A83FE700E74209 /* CreateRecordInteractor.swift */; };
		622D5E7FC146CDFC2575716C /* Pods_bnetDemo.framework in Frameworks */ = {isa = PBXBuildFile; fileRef = E1189F209280936A008E9161 /* Pods_bnetDemo.framework */; };
/* End PBXBuildFile section */

/* Begin PBXFileReference section */
		2B0BA99F22A69313007A109B /* bnetDemo.app */ = {isa = PBXFileReference; explicitFileType = wrapper.application; includeInIndex = 0; path = bnetDemo.app; sourceTree = BUILT_PRODUCTS_DIR; };
		2B0BA9A222A69313007A109B /* AppDelegate.swift */ = {isa = PBXFileReference; lastKnownFileType = sourcecode.swift; path = AppDelegate.swift; sourceTree = "<group>"; };
		2B0BA9A922A69316007A109B /* Assets.xcassets */ = {isa = PBXFileReference; lastKnownFileType = folder.assetcatalog; path = Assets.xcassets; sourceTree = "<group>"; };
		2B0BA9AE22A69316007A109B /* Info.plist */ = {isa = PBXFileReference; lastKnownFileType = text.plist.xml; path = Info.plist; sourceTree = "<group>"; };
		2B0BA9B422A6943E007A109B /* AuthPresenter.swift */ = {isa = PBXFileReference; lastKnownFileType = sourcecode.swift; path = AuthPresenter.swift; sourceTree = "<group>"; };
		2B0BA9B622A6943E007A109B /* AuthRouter.swift */ = {isa = PBXFileReference; lastKnownFileType = sourcecode.swift; path = AuthRouter.swift; sourceTree = "<group>"; };
		2B0BA9B722A6943E007A109B /* AuthModels.swift */ = {isa = PBXFileReference; lastKnownFileType = sourcecode.swift; path = AuthModels.swift; sourceTree = "<group>"; };
		2B0BA9B822A6943E007A109B /* AuthViewController.swift */ = {isa = PBXFileReference; lastKnownFileType = sourcecode.swift; path = AuthViewController.swift; sourceTree = "<group>"; };
		2B0BA9B922A6943E007A109B /* AuthInteractor.swift */ = {isa = PBXFileReference; lastKnownFileType = sourcecode.swift; path = AuthInteractor.swift; sourceTree = "<group>"; };
		2B0BA9C322A696DB007A109B /* Launch Screen.storyboard */ = {isa = PBXFileReference; lastKnownFileType = file.storyboard; path = "Launch Screen.storyboard"; sourceTree = "<group>"; };
		2B0BA9C522A69862007A109B /* Auth.storyboard */ = {isa = PBXFileReference; lastKnownFileType = file.storyboard; path = Auth.storyboard; sourceTree = "<group>"; };
		2B0BA9C722A69DCD007A109B /* API.swift */ = {isa = PBXFileReference; lastKnownFileType = sourcecode.swift; path = API.swift; sourceTree = "<group>"; };
		2B0BA9CC22A69FA0007A109B /* AuthService.swift */ = {isa = PBXFileReference; lastKnownFileType = sourcecode.swift; path = AuthService.swift; sourceTree = "<group>"; };
		2B0BA9CE22A69FF5007A109B /* NetworkService.swift */ = {isa = PBXFileReference; lastKnownFileType = sourcecode.swift; path = NetworkService.swift; sourceTree = "<group>"; };
		2B0BA9D022A6A087007A109B /* Connectivity.swift */ = {isa = PBXFileReference; lastKnownFileType = sourcecode.swift; path = Connectivity.swift; sourceTree = "<group>"; };
		2B0BA9D322A6A154007A109B /* NetworkDataFetcher.swift */ = {isa = PBXFileReference; lastKnownFileType = sourcecode.swift; path = NetworkDataFetcher.swift; sourceTree = "<group>"; };
		2B0BA9D522A6AC9C007A109B /* ServerResponse.swift */ = {isa = PBXFileReference; lastKnownFileType = sourcecode.swift; path = ServerResponse.swift; sourceTree = "<group>"; };
		2B0BA9DA22A6B89B007A109B /* RecordsListPresenter.swift */ = {isa = PBXFileReference; lastKnownFileType = sourcecode.swift; path = RecordsListPresenter.swift; sourceTree = "<group>"; };
		2B0BA9DC22A6B89B007A109B /* RecordsListRouter.swift */ = {isa = PBXFileReference; lastKnownFileType = sourcecode.swift; path = RecordsListRouter.swift; sourceTree = "<group>"; };
		2B0BA9DD22A6B89B007A109B /* RecordsListModels.swift */ = {isa = PBXFileReference; lastKnownFileType = sourcecode.swift; path = RecordsListModels.swift; sourceTree = "<group>"; };
		2B0BA9DE22A6B89B007A109B /* RecordsListViewController.swift */ = {isa = PBXFileReference; lastKnownFileType = sourcecode.swift; path = RecordsListViewController.swift; sourceTree = "<group>"; };
		2B0BA9DF22A6B89B007A109B /* RecordsListInteractor.swift */ = {isa = PBXFileReference; lastKnownFileType = sourcecode.swift; path = RecordsListInteractor.swift; sourceTree = "<group>"; };
		2B0BA9E822A6BA6E007A109B /* Records.storyboard */ = {isa = PBXFileReference; lastKnownFileType = file.storyboard; path = Records.storyboard; sourceTree = "<group>"; };
		2B27558A22A83FE700E74209 /* CreateRecordPresenter.swift */ = {isa = PBXFileReference; lastKnownFileType = sourcecode.swift; path = CreateRecordPresenter.swift; sourceTree = "<group>"; };
		2B27558B22A83FE700E74209 /* CreateRecordWorker.swift */ = {isa = PBXFileReference; lastKnownFileType = sourcecode.swift; path = CreateRecordWorker.swift; sourceTree = "<group>"; };
		2B27558C22A83FE700E74209 /* CreateRecordRouter.swift */ = {isa = PBXFileReference; lastKnownFileType = sourcecode.swift; path = CreateRecordRouter.swift; sourceTree = "<group>"; };
		2B27558D22A83FE700E74209 /* CreateRecordModels.swift */ = {isa = PBXFileReference; lastKnownFileType = sourcecode.swift; path = CreateRecordModels.swift; sourceTree = "<group>"; };
		2B27558E22A83FE700E74209 /* CreateRecordViewController.swift */ = {isa = PBXFileReference; lastKnownFileType = sourcecode.swift; path = CreateRecordViewController.swift; sourceTree = "<group>"; };
		2B27558F22A83FE700E74209 /* CreateRecordInteractor.swift */ = {isa = PBXFileReference; lastKnownFileType = sourcecode.swift; path = CreateRecordInteractor.swift; sourceTree = "<group>"; };
		AB8DAEE6CE726BE9207101FD /* Pods-bnetDemo.debug.xcconfig */ = {isa = PBXFileReference; includeInIndex = 1; lastKnownFileType = text.xcconfig; name = "Pods-bnetDemo.debug.xcconfig"; path = "Target Support Files/Pods-bnetDemo/Pods-bnetDemo.debug.xcconfig"; sourceTree = "<group>"; };
		BCD7A95DC629B27D57898550 /* Pods-bnetDemo.release.xcconfig */ = {isa = PBXFileReference; includeInIndex = 1; lastKnownFileType = text.xcconfig; name = "Pods-bnetDemo.release.xcconfig"; path = "Target Support Files/Pods-bnetDemo/Pods-bnetDemo.release.xcconfig"; sourceTree = "<group>"; };
		E1189F209280936A008E9161 /* Pods_bnetDemo.framework */ = {isa = PBXFileReference; explicitFileType = wrapper.framework; includeInIndex = 0; path = Pods_bnetDemo.framework; sourceTree = BUILT_PRODUCTS_DIR; };
/* End PBXFileReference section */

/* Begin PBXFrameworksBuildPhase section */
		2B0BA99C22A69313007A109B /* Frameworks */ = {
			isa = PBXFrameworksBuildPhase;
			buildActionMask = 2147483647;
			files = (
				622D5E7FC146CDFC2575716C /* Pods_bnetDemo.framework in Frameworks */,
			);
			runOnlyForDeploymentPostprocessing = 0;
		};
/* End PBXFrameworksBuildPhase section */

/* Begin PBXGroup section */
		2B0BA99622A69313007A109B = {
			isa = PBXGroup;
			children = (
				2B0BA9A122A69313007A109B /* bnetDemo */,
				2B0BA9A022A69313007A109B /* Products */,
				38B1027615F123924511B31F /* Pods */,
				CA84AEBFBDB028A37A77FD3A /* Frameworks */,
			);
			sourceTree = "<group>";
		};
		2B0BA9A022A69313007A109B /* Products */ = {
			isa = PBXGroup;
			children = (
				2B0BA99F22A69313007A109B /* bnetDemo.app */,
			);
			name = Products;
			sourceTree = "<group>";
		};
		2B0BA9A122A69313007A109B /* bnetDemo */ = {
			isa = PBXGroup;
			children = (
				2B0BA9C922A69DFC007A109B /* Services */,
				2B0BA9D822A6B86C007A109B /* Scenes */,
				2B0BA9D222A6A0CC007A109B /* Helpers */,
				2B0BA9C322A696DB007A109B /* Launch Screen.storyboard */,
				2B0BA9A222A69313007A109B /* AppDelegate.swift */,
				2B0BA9A922A69316007A109B /* Assets.xcassets */,
				2B0BA9AE22A69316007A109B /* Info.plist */,
			);
			path = bnetDemo;
			sourceTree = "<group>";
		};
		2B0BA9C222A69464007A109B /* Auth */ = {
			isa = PBXGroup;
			children = (
				2B0BA9B822A6943E007A109B /* AuthViewController.swift */,
				2B0BA9B922A6943E007A109B /* AuthInteractor.swift */,
				2B0BA9B422A6943E007A109B /* AuthPresenter.swift */,
				2B0BA9B722A6943E007A109B /* AuthModels.swift */,
				2B0BA9B622A6943E007A109B /* AuthRouter.swift */,
				2B0BA9C522A69862007A109B /* Auth.storyboard */,
			);
			path = Auth;
			sourceTree = "<group>";
		};
		2B0BA9C922A69DFC007A109B /* Services */ = {
			isa = PBXGroup;
			children = (
				2B0BA9D722A6AF4F007A109B /* Models */,
				2B0BA9C722A69DCD007A109B /* API.swift */,
				2B0BA9CC22A69FA0007A109B /* AuthService.swift */,
				2B0BA9CE22A69FF5007A109B /* NetworkService.swift */,
				2B0BA9D322A6A154007A109B /* NetworkDataFetcher.swift */,
			);
			path = Services;
			sourceTree = "<group>";
		};
		2B0BA9D222A6A0CC007A109B /* Helpers */ = {
			isa = PBXGroup;
			children = (
				2B0BA9D022A6A087007A109B /* Connectivity.swift */,
			);
			path = Helpers;
			sourceTree = "<group>";
		};
		2B0BA9D722A6AF4F007A109B /* Models */ = {
			isa = PBXGroup;
			children = (
				2B0BA9D522A6AC9C007A109B /* ServerResponse.swift */,
			);
			path = Models;
			sourceTree = "<group>";
		};
		2B0BA9D822A6B86C007A109B /* Scenes */ = {
			isa = PBXGroup;
			children = (
				2B27559822A83FEF00E74209 /* CreateRecord */,
				2B0BA9D922A6B885007A109B /* RecordsList */,
				2B0BA9C222A69464007A109B /* Auth */,
				2B0BA9E822A6BA6E007A109B /* Records.storyboard */,
			);
			path = Scenes;
			sourceTree = "<group>";
		};
		2B0BA9D922A6B885007A109B /* RecordsList */ = {
			isa = PBXGroup;
			children = (
				2B0BA9DE22A6B89B007A109B /* RecordsListViewController.swift */,
				2B0BA9DF22A6B89B007A109B /* RecordsListInteractor.swift */,
				2B0BA9DA22A6B89B007A109B /* RecordsListPresenter.swift */,
				2B0BA9DD22A6B89B007A109B /* RecordsListModels.swift */,
				2B0BA9DC22A6B89B007A109B /* RecordsListRouter.swift */,
			);
			path = RecordsList;
			sourceTree = "<group>";
		};
		2B27559822A83FEF00E74209 /* CreateRecord */ = {
			isa = PBXGroup;
			children = (
				2B27558E22A83FE700E74209 /* CreateRecordViewController.swift */,
				2B27558F22A83FE700E74209 /* CreateRecordInteractor.swift */,
				2B27558A22A83FE700E74209 /* CreateRecordPresenter.swift */,
				2B27558D22A83FE700E74209 /* CreateRecordModels.swift */,
				2B27558C22A83FE700E74209 /* CreateRecordRouter.swift */,
				2B27558B22A83FE700E74209 /* CreateRecordWorker.swift */,
			);
			path = CreateRecord;
			sourceTree = "<group>";
		};
		38B1027615F123924511B31F /* Pods */ = {
			isa = PBXGroup;
			children = (
				AB8DAEE6CE726BE9207101FD /* Pods-bnetDemo.debug.xcconfig */,
				BCD7A95DC629B27D57898550 /* Pods-bnetDemo.release.xcconfig */,
			);
			path = Pods;
			sourceTree = "<group>";
		};
		CA84AEBFBDB028A37A77FD3A /* Frameworks */ = {
			isa = PBXGroup;
			children = (
				E1189F209280936A008E9161 /* Pods_bnetDemo.framework */,
			);
			name = Frameworks;
			sourceTree = "<group>";
		};
/* End PBXGroup section */

/* Begin PBXNativeTarget section */
		2B0BA99E22A69313007A109B /* bnetDemo */ = {
			isa = PBXNativeTarget;
			buildConfigurationList = 2B0BA9B122A69316007A109B /* Build configuration list for PBXNativeTarget "bnetDemo" */;
			buildPhases = (
				9F3CA1E38C53A8E0DC0BDF05 /* [CP] Check Pods Manifest.lock */,
				2B0BA99B22A69313007A109B /* Sources */,
				2B0BA99C22A69313007A109B /* Frameworks */,
				2B0BA99D22A69313007A109B /* Resources */,
				7BCA5E32D6FD1444086FC74E /* [CP] Embed Pods Frameworks */,
			);
			buildRules = (
			);
			dependencies = (
			);
			name = bnetDemo;
			productName = bnetDemo;
			productReference = 2B0BA99F22A69313007A109B /* bnetDemo.app */;
			productType = "com.apple.product-type.application";
		};
/* End PBXNativeTarget section */

/* Begin PBXProject section */
		2B0BA99722A69313007A109B /* Project object */ = {
			isa = PBXProject;
			attributes = {
				LastSwiftUpdateCheck = 1020;
				LastUpgradeCheck = 1020;
				ORGANIZATIONNAME = "Artyom Grigoryan";
				TargetAttributes = {
					2B0BA99E22A69313007A109B = {
						CreatedOnToolsVersion = 10.2.1;
					};
				};
			};
			buildConfigurationList = 2B0BA99A22A69313007A109B /* Build configuration list for PBXProject "bnetDemo" */;
			compatibilityVersion = "Xcode 9.3";
			developmentRegion = en;
			hasScannedForEncodings = 0;
			knownRegions = (
				en,
				Base,
			);
			mainGroup = 2B0BA99622A69313007A109B;
			productRefGroup = 2B0BA9A022A69313007A109B /* Products */;
			projectDirPath = "";
			projectRoot = "";
			targets = (
				2B0BA99E22A69313007A109B /* bnetDemo */,
			);
		};
/* End PBXProject section */

/* Begin PBXResourcesBuildPhase section */
		2B0BA99D22A69313007A109B /* Resources */ = {
			isa = PBXResourcesBuildPhase;
			buildActionMask = 2147483647;
			files = (
				2B0BA9C622A69862007A109B /* Auth.storyboard in Resources */,
				2B0BA9C422A696DC007A109B /* Launch Screen.storyboard in Resources */,
				2B0BA9AA22A69316007A109B /* Assets.xcassets in Resources */,
				2B0BA9E922A6BA6E007A109B /* Records.storyboard in Resources */,
			);
			runOnlyForDeploymentPostprocessing = 0;
		};
/* End PBXResourcesBuildPhase section */

/* Begin PBXShellScriptBuildPhase section */
		7BCA5E32D6FD1444086FC74E /* [CP] Embed Pods Frameworks */ = {
			isa = PBXShellScriptBuildPhase;
			buildActionMask = 2147483647;
			files = (
			);
			inputFileListPaths = (
			);
			inputPaths = (
				"${PODS_ROOT}/Target Support Files/Pods-bnetDemo/Pods-bnetDemo-frameworks.sh",
				"${BUILT_PRODUCTS_DIR}/Alamofire/Alamofire.framework",
			);
			name = "[CP] Embed Pods Frameworks";
			outputFileListPaths = (
			);
			outputPaths = (
				"${TARGET_BUILD_DIR}/${FRAMEWORKS_FOLDER_PATH}/Alamofire.framework",
			);
			runOnlyForDeploymentPostprocessing = 0;
			shellPath = /bin/sh;
			shellScript = "\"${PODS_ROOT}/Target Support Files/Pods-bnetDemo/Pods-bnetDemo-frameworks.sh\"\n";
			showEnvVarsInLog = 0;
		};
		9F3CA1E38C53A8E0DC0BDF05 /* [CP] Check Pods Manifest.lock */ = {
			isa = PBXShellScriptBuildPhase;
			buildActionMask = 2147483647;
			files = (
			);
			inputFileListPaths = (
			);
			inputPaths = (
				"${PODS_PODFILE_DIR_PATH}/Podfile.lock",
				"${PODS_ROOT}/Manifest.lock",
			);
			name = "[CP] Check Pods Manifest.lock";
			outputFileListPaths = (
			);
			outputPaths = (
				"$(DERIVED_FILE_DIR)/Pods-bnetDemo-checkManifestLockResult.txt",
			);
			runOnlyForDeploymentPostprocessing = 0;
			shellPath = /bin/sh;
			shellScript = "diff \"${PODS_PODFILE_DIR_PATH}/Podfile.lock\" \"${PODS_ROOT}/Manifest.lock\" > /dev/null\nif [ $? != 0 ] ; then\n    # print error to STDERR\n    echo \"error: The sandbox is not in sync with the Podfile.lock. Run 'pod install' or update your CocoaPods installation.\" >&2\n    exit 1\nfi\n# This output is used by Xcode 'outputs' to avoid re-running this script phase.\necho \"SUCCESS\" > \"${SCRIPT_OUTPUT_FILE_0}\"\n";
			showEnvVarsInLog = 0;
		};
/* End PBXShellScriptBuildPhase section */

/* Begin PBXSourcesBuildPhase section */
		2B0BA99B22A69313007A109B /* Sources */ = {
			isa = PBXSourcesBuildPhase;
			buildActionMask = 2147483647;
			files = (
				2B0BA9BE22A6943E007A109B /* AuthModels.swift in Sources */,
				2B0BA9E122A6B89B007A109B /* RecordsListPresenter.swift in Sources */,
				2B27559222A83FE700E74209 /* CreateRecordWorker.swift in Sources */,
				2B27559622A83FE700E74209 /* CreateRecordInteractor.swift in Sources */,
				2B27559322A83FE700E74209 /* CreateRecordRouter.swift in Sources */,
				2B0BA9BB22A6943E007A109B /* AuthPresenter.swift in Sources */,
				2B0BA9E622A6B89B007A109B /* RecordsListInteractor.swift in Sources */,
				2B0BA9D122A6A087007A109B /* Connectivity.swift in Sources */,
				2B0BA9E422A6B89B007A109B /* RecordsListModels.swift in Sources */,
				2B0BA9D622A6AC9C007A109B /* ServerResponse.swift in Sources */,
				2B0BA9E522A6B89B007A109B /* RecordsListViewController.swift in Sources */,
				2B27559522A83FE700E74209 /* CreateRecordViewController.swift in Sources */,
				2B27559422A83FE700E74209 /* CreateRecordModels.swift in Sources */,
				2B0BA9E322A6B89B007A109B /* RecordsListRouter.swift in Sources */,
				2B0BA9D422A6A154007A109B /* NetworkDataFetcher.swift in Sources */,
				2B0BA9BF22A6943E007A109B /* AuthViewController.swift in Sources */,
				2B0BA9CD22A69FA0007A109B /* AuthService.swift in Sources */,
				2B0BA9CF22A69FF5007A109B /* NetworkService.swift in Sources */,
				2B0BA9C022A6943E007A109B /* AuthInteractor.swift in Sources */,
				2B0BA9BD22A6943E007A109B /* AuthRouter.swift in Sources */,
				2B27559122A83FE700E74209 /* CreateRecordPresenter.swift in Sources */,
				2B0BA9A322A69313007A109B /* AppDelegate.swift in Sources */,
				2B0BA9C822A69DCD007A109B /* API.swift in Sources */,
			);
			runOnlyForDeploymentPostprocessing = 0;
		};
/* End PBXSourcesBuildPhase section */

/* Begin XCBuildConfiguration section */
		2B0BA9AF22A69316007A109B /* Debug */ = {
			isa = XCBuildConfiguration;
			buildSettings = {
				ALWAYS_SEARCH_USER_PATHS = NO;
				CLANG_ANALYZER_NONNULL = YES;
				CLANG_ANALYZER_NUMBER_OBJECT_CONVERSION = YES_AGGRESSIVE;
				CLANG_CXX_LANGUAGE_STANDARD = "gnu++14";
				CLANG_CXX_LIBRARY = "libc++";
				CLANG_ENABLE_MODULES = YES;
				CLANG_ENABLE_OBJC_ARC = YES;
				CLANG_ENABLE_OBJC_WEAK = YES;
				CLANG_WARN_BLOCK_CAPTURE_AUTORELEASING = YES;
				CLANG_WARN_BOOL_CONVERSION = YES;
				CLANG_WARN_COMMA = YES;
				CLANG_WARN_CONSTANT_CONVERSION = YES;
				CLANG_WARN_DEPRECATED_OBJC_IMPLEMENTATIONS = YES;
				CLANG_WARN_DIRECT_OBJC_ISA_USAGE = YES_ERROR;
				CLANG_WARN_DOCUMENTATION_COMMENTS = YES;
				CLANG_WARN_EMPTY_BODY = YES;
				CLANG_WARN_ENUM_CONVERSION = YES;
				CLANG_WARN_INFINITE_RECURSION = YES;
				CLANG_WARN_INT_CONVERSION = YES;
				CLANG_WARN_NON_LITERAL_NULL_CONVERSION = YES;
				CLANG_WARN_OBJC_IMPLICIT_RETAIN_SELF = YES;
				CLANG_WARN_OBJC_LITERAL_CONVERSION = YES;
				CLANG_WARN_OBJC_ROOT_CLASS = YES_ERROR;
				CLANG_WARN_RANGE_LOOP_ANALYSIS = YES;
				CLANG_WARN_STRICT_PROTOTYPES = YES;
				CLANG_WARN_SUSPICIOUS_MOVE = YES;
				CLANG_WARN_UNGUARDED_AVAILABILITY = YES_AGGRESSIVE;
				CLANG_WARN_UNREACHABLE_CODE = YES;
				CLANG_WARN__DUPLICATE_METHOD_MATCH = YES;
				CODE_SIGN_IDENTITY = "iPhone Developer";
				COPY_PHASE_STRIP = NO;
				DEBUG_INFORMATION_FORMAT = dwarf;
				ENABLE_STRICT_OBJC_MSGSEND = YES;
				ENABLE_TESTABILITY = YES;
				GCC_C_LANGUAGE_STANDARD = gnu11;
				GCC_DYNAMIC_NO_PIC = NO;
				GCC_NO_COMMON_BLOCKS = YES;
				GCC_OPTIMIZATION_LEVEL = 0;
				GCC_PREPROCESSOR_DEFINITIONS = (
					"DEBUG=1",
					"$(inherited)",
				);
				GCC_WARN_64_TO_32_BIT_CONVERSION = YES;
				GCC_WARN_ABOUT_RETURN_TYPE = YES_ERROR;
				GCC_WARN_UNDECLARED_SELECTOR = YES;
				GCC_WARN_UNINITIALIZED_AUTOS = YES_AGGRESSIVE;
				GCC_WARN_UNUSED_FUNCTION = YES;
				GCC_WARN_UNUSED_VARIABLE = YES;
				IPHONEOS_DEPLOYMENT_TARGET = 12.2;
				MTL_ENABLE_DEBUG_INFO = INCLUDE_SOURCE;
				MTL_FAST_MATH = YES;
				ONLY_ACTIVE_ARCH = YES;
				SDKROOT = iphoneos;
				SWIFT_ACTIVE_COMPILATION_CONDITIONS = DEBUG;
				SWIFT_OPTIMIZATION_LEVEL = "-Onone";
			};
			name = Debug;
		};
		2B0BA9B022A69316007A109B /* Release */ = {
			isa = XCBuildConfiguration;
			buildSettings = {
				ALWAYS_SEARCH_USER_PATHS = NO;
				CLANG_ANALYZER_NONNULL = YES;
				CLANG_ANALYZER_NUMBER_OBJECT_CONVERSION = YES_AGGRESSIVE;
				CLANG_CXX_LANGUAGE_STANDARD = "gnu++14";
				CLANG_CXX_LIBRARY = "libc++";
				CLANG_ENABLE_MODULES = YES;
				CLANG_ENABLE_OBJC_ARC = YES;
				CLANG_ENABLE_OBJC_WEAK = YES;
				CLANG_WARN_BLOCK_CAPTURE_AUTORELEASING = YES;
				CLANG_WARN_BOOL_CONVERSION = YES;
				CLANG_WARN_COMMA = YES;
				CLANG_WARN_CONSTANT_CONVERSION = YES;
				CLANG_WARN_DEPRECATED_OBJC_IMPLEMENTATIONS = YES;
				CLANG_WARN_DIRECT_OBJC_ISA_USAGE = YES_ERROR;
				CLANG_WARN_DOCUMENTATION_COMMENTS = YES;
				CLANG_WARN_EMPTY_BODY = YES;
				CLANG_WARN_ENUM_CONVERSION = YES;
				CLANG_WARN_INFINITE_RECURSION = YES;
				CLANG_WARN_INT_CONVERSION = YES;
				CLANG_WARN_NON_LITERAL_NULL_CONVERSION = YES;
				CLANG_WARN_OBJC_IMPLICIT_RETAIN_SELF = YES;
				CLANG_WARN_OBJC_LITERAL_CONVERSION = YES;
				CLANG_WARN_OBJC_ROOT_CLASS = YES_ERROR;
				CLANG_WARN_RANGE_LOOP_ANALYSIS = YES;
				CLANG_WARN_STRICT_PROTOTYPES = YES;
				CLANG_WARN_SUSPICIOUS_MOVE = YES;
				CLANG_WARN_UNGUARDED_AVAILABILITY = YES_AGGRESSIVE;
				CLANG_WARN_UNREACHABLE_CODE = YES;
				CLANG_WARN__DUPLICATE_METHOD_MATCH = YES;
				CODE_SIGN_IDENTITY = "iPhone Developer";
				COPY_PHASE_STRIP = NO;
				DEBUG_INFORMATION_FORMAT = "dwarf-with-dsym";
				ENABLE_NS_ASSERTIONS = NO;
				ENABLE_STRICT_OBJC_MSGSEND = YES;
				GCC_C_LANGUAGE_STANDARD = gnu11;
				GCC_NO_COMMON_BLOCKS = YES;
				GCC_WARN_64_TO_32_BIT_CONVERSION = YES;
				GCC_WARN_ABOUT_RETURN_TYPE = YES_ERROR;
				GCC_WARN_UNDECLARED_SELECTOR = YES;
				GCC_WARN_UNINITIALIZED_AUTOS = YES_AGGRESSIVE;
				GCC_WARN_UNUSED_FUNCTION = YES;
				GCC_WARN_UNUSED_VARIABLE = YES;
				IPHONEOS_DEPLOYMENT_TARGET = 12.2;
				MTL_ENABLE_DEBUG_INFO = NO;
				MTL_FAST_MATH = YES;
				SDKROOT = iphoneos;
				SWIFT_COMPILATION_MODE = wholemodule;
				SWIFT_OPTIMIZATION_LEVEL = "-O";
				VALIDATE_PRODUCT = YES;
			};
			name = Release;
		};
		2B0BA9B222A69316007A109B /* Debug */ = {
			isa = XCBuildConfiguration;
			baseConfigurationReference = AB8DAEE6CE726BE9207101FD /* Pods-bnetDemo.debug.xcconfig */;
			buildSettings = {
				ASSETCATALOG_COMPILER_APPICON_NAME = AppIcon;
				CODE_SIGN_STYLE = Automatic;
				DEVELOPMENT_TEAM = QMVZ37K9BV;
				INFOPLIST_FILE = bnetDemo/Info.plist;
				IPHONEOS_DEPLOYMENT_TARGET = 9.0;
				LD_RUNPATH_SEARCH_PATHS = (
					"$(inherited)",
					"@executable_path/Frameworks",
				);
				PRODUCT_BUNDLE_IDENTIFIER = com.ArtyomGrigoryan.bnetDemo;
				PRODUCT_NAME = "$(TARGET_NAME)";
				SWIFT_VERSION = 5.0;
				TARGETED_DEVICE_FAMILY = 1;
			};
			name = Debug;
		};
		2B0BA9B322A69316007A109B /* Release */ = {
			isa = XCBuildConfiguration;
			baseConfigurationReference = BCD7A95DC629B27D57898550 /* Pods-bnetDemo.release.xcconfig */;
			buildSettings = {
				ASSETCATALOG_COMPILER_APPICON_NAME = AppIcon;
				CODE_SIGN_STYLE = Automatic;
				DEVELOPMENT_TEAM = QMVZ37K9BV;
				INFOPLIST_FILE = bnetDemo/Info.plist;
				IPHONEOS_DEPLOYMENT_TARGET = 9.0;
				LD_RUNPATH_SEARCH_PATHS = (
					"$(inherited)",
					"@executable_path/Frameworks",
				);
				PRODUCT_BUNDLE_IDENTIFIER = com.ArtyomGrigoryan.bnetDemo;
				PRODUCT_NAME = "$(TARGET_NAME)";
				SWIFT_VERSION = 5.0;
				TARGETED_DEVICE_FAMILY = 1;
			};
			name = Release;
		};
/* End XCBuildConfiguration section */

/* Begin XCConfigurationList section */
		2B0BA99A22A69313007A109B /* Build configuration list for PBXProject "bnetDemo" */ = {
			isa = XCConfigurationList;
			buildConfigurations = (
				2B0BA9AF22A69316007A109B /* Debug */,
				2B0BA9B022A69316007A109B /* Release */,
			);
			defaultConfigurationIsVisible = 0;
			defaultConfigurationName = Release;
		};
		2B0BA9B122A69316007A109B /* Build configuration list for PBXNativeTarget "bnetDemo" */ = {
			isa = XCConfigurationList;
			buildConfigurations = (
				2B0BA9B222A69316007A109B /* Debug */,
				2B0BA9B322A69316007A109B /* Release */,
			);
			defaultConfigurationIsVisible = 0;
			defaultConfigurationName = Release;
		};
/* End XCConfigurationList section */
	};
	rootObject = 2B0BA99722A69313007A109B /* Project object */;
}
